
Microsoft Visual Studio Solution File, Format Version 12.00
# Visual Studio Version 16
VisualStudioVersion = 25.0.1700.0
MinimumVisualStudioVersion = 10.0.40219.1
Project("{FAE04EC0-301F-11D3-BF4B-00C04F79EFBC}") = "Libmdbx.IOS.Samples", "Libmdbx.IOS.Samples.csproj", "{299D77DA-6517-47EE-B586-D5C23250FB43}"
EndProject
Global
	GlobalSection(SolutionConfigurationPlatforms) = preSolution
		Debug|iPhoneSimulator = Debug|iPhoneSimulator
		Release|iPhoneSimulator = Release|iPhoneSimulator
		Debug|iPhone = Debug|iPhone
		Release|iPhone = Release|iPhone
	EndGlobalSection
	GlobalSection(ProjectConfigurationPlatforms) = postSolution
		{299D77DA-6517-47EE-B586-D5C23250FB43}.Debug|iPhoneSimulator.ActiveCfg = Debug|iPhoneSimulator
		{299D77DA-6517-47EE-B586-D5C23250FB43}.Debug|iPhoneSimulator.Build.0 = Debug|iPhoneSimulator
		{299D77DA-6517-47EE-B586-D5C23250FB43}.Release|iPhoneSimulator.ActiveCfg = Release|iPhoneSimulator
		{299D77DA-6517-47EE-B586-D5C23250FB43}.Release|iPhoneSimulator.Build.0 = Release|iPhoneSimulator
		{299D77DA-6517-47EE-B586-D5C23250FB43}.Debug|iPhone.ActiveCfg = Debug|iPhone
		{299D77DA-6517-47EE-B586-D5C23250FB43}.Debug|iPhone.Build.0 = Debug|iPhone
		{299D77DA-6517-47EE-B586-D5C23250FB43}.Release|iPhone.ActiveCfg = Release|iPhone
		{299D77DA-6517-47EE-B586-D5C23250FB43}.Release|iPhone.Build.0 = Release|iPhone
	EndGlobalSection
	GlobalSection(SolutionProperties) = preSolution
		HideSolutionNode = FALSE
	EndGlobalSection
	GlobalSection(ExtensibilityGlobals) = postSolution
		SolutionGuid = {A1BDCF0E-29A2-4B1B-B262-FD5DE6A2B58E}
	EndGlobalSection
EndGlobal
