
Microsoft Visual Studio Solution File, Format Version 12.00
# Visual Studio Version 17
VisualStudioVersion = 17.3.32901.215
MinimumVisualStudioVersion = 10.0.40219.1
Project("{FAE04EC0-301F-11D3-BF4B-00C04F79EFBC}") = "Libmdbx.Net.Ios", "Libmdbx.Net.Ios\Libmdbx.Net.Ios.csproj", "{FF91E9A4-0BC7-4CA8-9943-581E093984D3}"
EndProject
Project("{9A19103F-16F7-4668-BE54-9A1E7A4F7556}") = "Libmdbx.Net.Core", "Libmdbx.Net.Core\Libmdbx.Net.Core.csproj", "{E9B45400-7C2E-420C-84F5-07CBDDB07E6C}"
EndProject
Project("{D954291E-2A0B-460D-934E-DC6B0785DB48}") = "Libmdbx.Net.Shared", "Libmdbx.Net.Shared\Libmdbx.Net.Shared.shproj", "{C4F32692-C1FA-490C-85C3-5311199EE30A}"
EndProject
Global
	GlobalSection(SolutionConfigurationPlatforms) = preSolution
		Debug|Any CPU = Debug|Any CPU
		Release|Any CPU = Release|Any CPU
	EndGlobalSection
	GlobalSection(ProjectConfigurationPlatforms) = postSolution
		{FF91E9A4-0BC7-4CA8-9943-581E093984D3}.Debug|Any CPU.ActiveCfg = Debug|Any CPU
		{FF91E9A4-0BC7-4CA8-9943-581E093984D3}.Debug|Any CPU.Build.0 = Debug|Any CPU
		{FF91E9A4-0BC7-4CA8-9943-581E093984D3}.Release|Any CPU.ActiveCfg = Release|Any CPU
		{FF91E9A4-0BC7-4CA8-9943-581E093984D3}.Release|Any CPU.Build.0 = Release|Any CPU
		{E9B45400-7C2E-420C-84F5-07CBDDB07E6C}.Debug|Any CPU.ActiveCfg = Debug|Any CPU
		{E9B45400-7C2E-420C-84F5-07CBDDB07E6C}.Debug|Any CPU.Build.0 = Debug|Any CPU
		{E9B45400-7C2E-420C-84F5-07CBDDB07E6C}.Release|Any CPU.ActiveCfg = Release|Any CPU
		{E9B45400-7C2E-420C-84F5-07CBDDB07E6C}.Release|Any CPU.Build.0 = Release|Any CPU
	EndGlobalSection
	GlobalSection(SolutionProperties) = preSolution
		HideSolutionNode = FALSE
	EndGlobalSection
	GlobalSection(ExtensibilityGlobals) = postSolution
		SolutionGuid = {D18848F5-2B16-4169-ACC4-6052169E9B20}
	EndGlobalSection
	GlobalSection(SharedMSBuildProjectFiles) = preSolution
		Libmdbx.Net.Shared\Libmdbx.Net.Shared.projitems*{c4f32692-c1fa-490c-85c3-5311199ee30a}*SharedItemsImports = 13
		Libmdbx.Net.Shared\Libmdbx.Net.Shared.projitems*{ff91e9a4-0bc7-4ca8-9943-581e093984d3}*SharedItemsImports = 4
	EndGlobalSection
EndGlobal
