
Microsoft Visual Studio Solution File, Format Version 12.00
# Visual Studio Version 17
VisualStudioVersion = 17.3.32901.215
MinimumVisualStudioVersion = 10.0.40219.1
Project("{9A19103F-16F7-4668-BE54-9A1E7A4F7556}") = "Libmdbx.Net.Core", "Libmdbx.Net.Core\Libmdbx.Net.Core.csproj", "{01A1F4C0-B248-4B8E-A018-042F7D91BC17}"
EndProject
Global
	GlobalSection(SolutionConfigurationPlatforms) = preSolution
		Debug|Any CPU = Debug|Any CPU
		Release|Any CPU = Release|Any CPU
	EndGlobalSection
	GlobalSection(ProjectConfigurationPlatforms) = postSolution
		{01A1F4C0-B248-4B8E-A018-042F7D91BC17}.Debug|Any CPU.ActiveCfg = Debug|Any CPU
		{01A1F4C0-B248-4B8E-A018-042F7D91BC17}.Debug|Any CPU.Build.0 = Debug|Any CPU
		{01A1F4C0-B248-4B8E-A018-042F7D91BC17}.Release|Any CPU.ActiveCfg = Release|Any CPU
		{01A1F4C0-B248-4B8E-A018-042F7D91BC17}.Release|Any CPU.Build.0 = Release|Any CPU
	EndGlobalSection
	GlobalSection(SolutionProperties) = preSolution
		HideSolutionNode = FALSE
	EndGlobalSection
	GlobalSection(ExtensibilityGlobals) = postSolution
		SolutionGuid = {0BA0BA24-26F6-4FE1-8E73-B2248AC5B203}
	EndGlobalSection
EndGlobal
